
Microsoft Visual Studio Solution File, Format Version 12.00
# Visual Studio Version 16
VisualStudioVersion = 16.0.31624.102
MinimumVisualStudioVersion = 10.0.40219.1
Project("{FAE04EC0-301F-11D3-BF4B-00C04F79EFBC}") = "MyTripLog", "MyTripLog\MyTripLog.csproj", "{A99AFC4D-40A9-4109-A9FD-055C0A38E95C}"
EndProject
Global
	GlobalSection(SolutionConfigurationPlatforms) = preSolution
		Debug|Any CPU = Debug|Any CPU
		Release|Any CPU = Release|Any CPU
	EndGlobalSection
	GlobalSection(ProjectConfigurationPlatforms) = postSolution
		{A99AFC4D-40A9-4109-A9FD-055C0A38E95C}.Debug|Any CPU.ActiveCfg = Debug|Any CPU
		{A99AFC4D-40A9-4109-A9FD-055C0A38E95C}.Debug|Any CPU.Build.0 = Debug|Any CPU
		{A99AFC4D-40A9-4109-A9FD-055C0A38E95C}.Release|Any CPU.ActiveCfg = Release|Any CPU
		{A99AFC4D-40A9-4109-A9FD-055C0A38E95C}.Release|Any CPU.Build.0 = Release|Any CPU
	EndGlobalSection
	GlobalSection(SolutionProperties) = preSolution
		HideSolutionNode = FALSE
	EndGlobalSection
	GlobalSection(ExtensibilityGlobals) = postSolution
		SolutionGuid = {20C36FA3-90A1-4721-8691-2A2A83CAB274}
	EndGlobalSection
EndGlobal
